
Microsoft Visual Studio Solution File, Format Version 12.00
# Visual Studio Version 17
VisualStudioVersion = 17.0.31903.59
MinimumVisualStudioVersion = 10.0.40219.1
Project("{FAE04EC0-301F-11D3-BF4B-00C04F79EFBC}") = "Day10Tests", "Day10Tests\Day10Tests.csproj", "{0C000A4D-03B3-4089-ACFA-D32AC7FC7AFB}"
EndProject
Project("{FAE04EC0-301F-11D3-BF4B-00C04F79EFBC}") = "Csharp", "Csharp\Csharp.csproj", "{7EDEA614-F105-47BA-8B5D-925EED64F7C4}"
EndProject
Global
	GlobalSection(SolutionConfigurationPlatforms) = preSolution
		Debug|Any CPU = Debug|Any CPU
		Release|Any CPU = Release|Any CPU
	EndGlobalSection
	GlobalSection(SolutionProperties) = preSolution
		HideSolutionNode = FALSE
	EndGlobalSection
	GlobalSection(ProjectConfigurationPlatforms) = postSolution
		{0C000A4D-03B3-4089-ACFA-D32AC7FC7AFB}.Debug|Any CPU.ActiveCfg = Debug|Any CPU
		{0C000A4D-03B3-4089-ACFA-D32AC7FC7AFB}.Debug|Any CPU.Build.0 = Debug|Any CPU
		{0C000A4D-03B3-4089-ACFA-D32AC7FC7AFB}.Release|Any CPU.ActiveCfg = Release|Any CPU
		{0C000A4D-03B3-4089-ACFA-D32AC7FC7AFB}.Release|Any CPU.Build.0 = Release|Any CPU
		{7EDEA614-F105-47BA-8B5D-925EED64F7C4}.Debug|Any CPU.ActiveCfg = Debug|Any CPU
		{7EDEA614-F105-47BA-8B5D-925EED64F7C4}.Debug|Any CPU.Build.0 = Debug|Any CPU
		{7EDEA614-F105-47BA-8B5D-925EED64F7C4}.Release|Any CPU.ActiveCfg = Release|Any CPU
		{7EDEA614-F105-47BA-8B5D-925EED64F7C4}.Release|Any CPU.Build.0 = Release|Any CPU
	EndGlobalSection
EndGlobal
